# This file is autogenerated, do not edit; changes may be undone by the next 'dep ensure'.


[[projects]]
  name = "github.com/zmb3/gogetdoc"
  packages = ["."]
  revision = "fe99758856e8fec0817cb98da9ed112c3305ef64"

[[projects]]
  branch = "master"
  name = "golang.org/x/tools"
  packages = [
    "go/ast/astutil",
    "go/buildutil",
    "go/gcexportdata",
    "go/internal/cgo",
    "go/internal/gcimporter",
    "go/packages",
    "go/types/typeutil",
    "internal/fastwalk",
    "internal/gopathwalk",
    "internal/semver"
  ]
  revision = "6c7e314b6563ee0a4dc169c7ee9960e0b709c035"

[solve-meta]
  analyzer-name = "dep"
  analyzer-version = 1
  inputs-digest = "ae4edd3b9449f10fc0550bdf32752e4166fa3d42f49da952a99080df4c50aefb"
  solver-name = "gps-cdcl"
  solver-version = 1
